
Microsoft Visual Studio Solution File, Format Version 12.00
# Visual Studio 14
VisualStudioVersion = 14.0.23107.0
MinimumVisualStudioVersion = 10.0.40219.1
Project("{8BB2217D-0F2D-49D1-97BC-3654ED321F3B}") = "Nowin.vNext", "src\Nowin.vNext\Nowin.vNext.xproj", "{7516BDEE-24A1-47BC-A5BC-4972A1D8568F}"
EndProject
Project("{2150E333-8FDC-42A3-9474-1A3956D46DE8}") = "src", "src", "{734792F5-0CFC-416E-975A-D4E7A0746768}"
EndProject
Project("{2150E333-8FDC-42A3-9474-1A3956D46DE8}") = "Solution Items", "Solution Items", "{277A3613-0B7F-474A-B3FA-1DCAA072AA1F}"
	ProjectSection(SolutionItems) = preProject
		global.json = global.json
		NuGet.config = NuGet.config
	EndProjectSection
	ProjectSection(FolderGlobals) = preProject
		Projects_2mvc-vnext_2global_1json__JSONSchema = http://json.schemastore.org/global
	EndProjectSection
EndProject
Project("{8BB2217D-0F2D-49D1-97BC-3654ED321F3B}") = "MvcEmptyApp", "src\MvcEmptyApp\MvcEmptyApp.xproj", "{2C98915C-5314-4844-87F8-0454E92338ED}"
EndProject
Project("{8BB2217D-0F2D-49D1-97BC-3654ED321F3B}") = "MvcStarter", "src\MvcStarter\MvcStarter.xproj", "{48A13FFC-C1AC-4A18-9D09-5D336902DC20}"
EndProject
Global
	GlobalSection(SolutionConfigurationPlatforms) = preSolution
		Debug|Any CPU = Debug|Any CPU
		Release|Any CPU = Release|Any CPU
	EndGlobalSection
	GlobalSection(ProjectConfigurationPlatforms) = postSolution
		{7516BDEE-24A1-47BC-A5BC-4972A1D8568F}.Debug|Any CPU.ActiveCfg = Debug|Any CPU
		{7516BDEE-24A1-47BC-A5BC-4972A1D8568F}.Debug|Any CPU.Build.0 = Debug|Any CPU
		{7516BDEE-24A1-47BC-A5BC-4972A1D8568F}.Release|Any CPU.ActiveCfg = Release|Any CPU
		{7516BDEE-24A1-47BC-A5BC-4972A1D8568F}.Release|Any CPU.Build.0 = Release|Any CPU
		{2C98915C-5314-4844-87F8-0454E92338ED}.Debug|Any CPU.ActiveCfg = Debug|Any CPU
		{2C98915C-5314-4844-87F8-0454E92338ED}.Debug|Any CPU.Build.0 = Debug|Any CPU
		{2C98915C-5314-4844-87F8-0454E92338ED}.Release|Any CPU.ActiveCfg = Release|Any CPU
		{2C98915C-5314-4844-87F8-0454E92338ED}.Release|Any CPU.Build.0 = Release|Any CPU
		{48A13FFC-C1AC-4A18-9D09-5D336902DC20}.Debug|Any CPU.ActiveCfg = Debug|Any CPU
		{48A13FFC-C1AC-4A18-9D09-5D336902DC20}.Debug|Any CPU.Build.0 = Debug|Any CPU
		{48A13FFC-C1AC-4A18-9D09-5D336902DC20}.Release|Any CPU.ActiveCfg = Release|Any CPU
		{48A13FFC-C1AC-4A18-9D09-5D336902DC20}.Release|Any CPU.Build.0 = Release|Any CPU
	EndGlobalSection
	GlobalSection(SolutionProperties) = preSolution
		HideSolutionNode = FALSE
	EndGlobalSection
	GlobalSection(NestedProjects) = preSolution
		{7516BDEE-24A1-47BC-A5BC-4972A1D8568F} = {734792F5-0CFC-416E-975A-D4E7A0746768}
		{2C98915C-5314-4844-87F8-0454E92338ED} = {734792F5-0CFC-416E-975A-D4E7A0746768}
		{48A13FFC-C1AC-4A18-9D09-5D336902DC20} = {734792F5-0CFC-416E-975A-D4E7A0746768}
	EndGlobalSection
EndGlobal
